// !$*UTF8*$!
{
	archiveVersion = 1;
	classes = {
	};
	objectVersion = 77;
	objects = {

/* Begin PBXBuildFile section */
		181CFAF42F87D8AD00375C87 /* Localizable.strings in Resources */ = {isa = PBXBuildFile; fileRef = 181CFAF22F87D8AD00375C87 /* Localizable.strings */; };
/* End PBXBuildFile section */

/* Begin PBXContainerItemProxy section */
		181CFAA42F87ABFD00375C87 /* PBXContainerItemProxy */ = {
			isa = PBXContainerItemProxy;
			containerPortal = 181CFA8E2F87ABF800375C87 /* Project object */;
			proxyType = 1;
			remoteGlobalIDString = 181CFA952F87ABF800375C87;
			remoteInfo = LocalizationDemo;
		};
		181CFAAE2F87ABFD00375C87 /* PBXContainerItemProxy */ = {
			isa = PBXContainerItemProxy;
			containerPortal = 181CFA8E2F87ABF800375C87 /* Project object */;
			proxyType = 1;
			remoteGlobalIDString = 181CFA952F87ABF800375C87;
			remoteInfo = LocalizationDemo;
		};
/* End PBXContainerItemProxy section */

/* Begin PBXFileReference section */
		181CFA962F87ABF800375C87 /* LocalizationDemo.app */ = {isa = PBXFileReference; explicitFileType = wrapper.application; includeInIndex = 0; path = LocalizationDemo.app; sourceTree = BUILT_PRODUCTS_DIR; };
		181CFAA32F87ABFD00375C87 /* LocalizationDemoTests.xctest */ = {isa = PBXFileReference; explicitFileType = wrapper.cfbundle; includeInIndex = 0; path = LocalizationDemoTests.xctest; sourceTree = BUILT_PRODUCTS_DIR; };
		181CFAAD2F87ABFD00375C87 /* LocalizationDemoUITests.xctest */ = {isa = PBXFileReference; explicitFileType = wrapper.cfbundle; includeInIndex = 0; path = LocalizationDemoUITests.xctest; sourceTree = BUILT_PRODUCTS_DIR; };
		181CFAF32F87D8AD00375C87 /* en */ = {isa = PBXFileReference; lastKnownFileType = text.plist.strings; name = en; path = en.lproj/Localizable.strings; sourceTree = "<group>"; };
		181CFAF52F87D8FB00375C87 /* fr */ = {isa = PBXFileReference; lastKnownFileType = text.plist.strings; name = fr; path = fr.lproj/Localizable.strings; sourceTree = "<group>"; };
		181CFAF62F87D90100375C87 /* hi */ = {isa = PBXFileReference; lastKnownFileType = text.plist.strings; name = hi; path = hi.lproj/Localizable.strings; sourceTree = "<group>"; };
		181CFAF72F87D90200375C87 /* kn */ = {isa = PBXFileReference; lastKnownFileType = text.plist.strings; name = kn; path = kn.lproj/Localizable.strings; sourceTree = "<group>"; };
		181CFAF82F87D90300375C87 /* ta */ = {isa = PBXFileReference; lastKnownFileType = text.plist.strings; name = ta; path = ta.lproj/Localizable.strings; sourceTree = "<group>"; };
		181CFAF92F87D90400375C87 /* te */ = {isa = PBXFileReference; lastKnownFileType = text.plist.strings; name = te; path = te.lproj/Localizable.strings; sourceTree = "<group>"; };
/* End PBXFileReference section */

/* Begin PBXFileSystemSynchronizedRootGroup section */
		181CFA982F87ABF800375C87 /* LocalizationDemo */ = {
			isa = PBXFileSystemSynchronizedRootGroup;
			path = LocalizationDemo;
			sourceTree = "<group>";
		};
		181CFAA62F87ABFD00375C87 /* LocalizationDemoTests */ = {
			isa = PBXFileSystemSynchronizedRootGroup;
			path = LocalizationDemoTests;
			sourceTree = "<group>";
		};
		181CFAB02F87ABFD00375C87 /* LocalizationDemoUITests */ = {
			isa = PBXFileSystemSynchronizedRootGroup;
			path = LocalizationDemoUITests;
			sourceTree = "<group>";
		};
		189880DF2FD2CF5500F32222 /* .github */ = {
			isa = PBXFileSystemSynchronizedRootGroup;
			path = .github;
			sourceTree = "<group>";
		};
/* End PBXFileSystemSynchronizedRootGroup section */

/* Begin PBXFrameworksBuildPhase section */
		181CFA932F87ABF800375C87 /* Frameworks */ = {
			isa = PBXFrameworksBuildPhase;
			buildActionMask = 2147483647;
			files = (
			);
			runOnlyForDeploymentPostprocessing = 0;
		};
		181CFAA02F87ABFD00375C87 /* Frameworks */ = {
			isa = PBXFrameworksBuildPhase;
			buildActionMask = 2147483647;
			files = (
			);
			runOnlyForDeploymentPostprocessing = 0;
		};
		181CFAAA2F87ABFD00375C87 /* Frameworks */ = {
			isa = PBXFrameworksBuildPhase;
			buildActionMask = 2147483647;
			files = (
			);
			runOnlyForDeploymentPostprocessing = 0;
		};
/* End PBXFrameworksBuildPhase section */

/* Begin PBXGroup section */
		181CFA8D2F87ABF800375C87 = {
			isa = PBXGroup;
			children = (
				189880DF2FD2CF5500F32222 /* .github */,
				181CFAF22F87D8AD00375C87 /* Localizable.strings */,
				181CFA982F87ABF800375C87 /* LocalizationDemo */,
				181CFAA62F87ABFD00375C87 /* LocalizationDemoTests */,
				181CFAB02F87ABFD00375C87 /* LocalizationDemoUITests */,
				181CFA972F87ABF800375C87 /* Products */,
			);
			sourceTree = "<group>";
		};
		181CFA972F87ABF800375C87 /* Products */ = {
			isa = PBXGroup;
			children = (
				181CFA962F87ABF800375C87 /* LocalizationDemo.app */,
				181CFAA32F87ABFD00375C87 /* LocalizationDemoTests.xctest */,
				181CFAAD2F87ABFD00375C87 /* LocalizationDemoUITests.xctest */,
			);
			name = Products;
			sourceTree = "<group>";
		};
/* End PBXGroup section */

/* Begin PBXNativeTarget section */
		181CFA952F87ABF800375C87 /* LocalizationDemo */ = {
			isa = PBXNativeTarget;
			buildConfigurationList = 181CFAB72F87ABFD00375C87 /* Build configuration list for PBXNativeTarget "LocalizationDemo" */;
			buildPhases = (
				181CFA922F87ABF800375C87 /* Sources */,
				181CFA932F87ABF800375C87 /* Frameworks */,
				181CFA942F87ABF800375C87 /* Resources */,
			);
			buildRules = (
			);
			dependencies = (
			);
			fileSystemSynchronizedGroups = (
				181CFA982F87ABF800375C87 /* LocalizationDemo */,
				189880DF2FD2CF5500F32222 /* .github */,
			);
			name = LocalizationDemo;
			packageProductDependencies = (
			);
			productName = LocalizationDemo;
			productReference = 181CFA962F87ABF800375C87 /* LocalizationDemo.app */;
			productType = "com.apple.product-type.application";
		};
		181CFAA22F87ABFD00375C87 /* LocalizationDemoTests */ = {
			isa = PBXNativeTarget;
			buildConfigurationList = 181CFABA2F87ABFD00375C87 /* Build configuration list for PBXNativeTarget "LocalizationDemoTests" */;
			buildPhases = (
				181CFA9F2F87ABFD00375C87 /* Sources */,
				181CFAA02F87ABFD00375C87 /* Frameworks */,
				181CFAA12F87ABFD00375C87 /* Resources */,
			);
			buildRules = (
			);
			dependencies = (
				181CFAA52F87ABFD00375C87 /* PBXTargetDependency */,
			);
			fileSystemSynchronizedGroups = (
				181CFAA62F87ABFD00375C87 /* LocalizationDemoTests */,
			);
			name = LocalizationDemoTests;
			packageProductDependencies = (
			);
			productName = LocalizationDemoTests;
			productReference = 181CFAA32F87ABFD00375C87 /* LocalizationDemoTests.xctest */;
			productType = "com.apple.product-type.bundle.unit-test";
		};
		181CFAAC2F87ABFD00375C87 /* LocalizationDemoUITests */ = {
			isa = PBXNativeTarget;
			buildConfigurationList = 181CFABD2F87ABFD00375C87 /* Build configuration list for PBXNativeTarget "LocalizationDemoUITests" */;
			buildPhases = (
				181CFAA92F87ABFD00375C87 /* Sources */,
				181CFAAA2F87ABFD00375C87 /* Frameworks */,
				181CFAAB2F87ABFD00375C87 /* Resources */,
			);
			buildRules = (
			);
			dependencies = (
				181CFAAF2F87ABFD00375C87 /* PBXTargetDependency */,
			);
			fileSystemSynchronizedGroups = (
				181CFAB02F87ABFD00375C87 /* LocalizationDemoUITests */,
			);
			name = LocalizationDemoUITests;
			packageProductDependencies = (
			);
			productName = LocalizationDemoUITests;
			productReference = 181CFAAD2F87ABFD00375C87 /* LocalizationDemoUITests.xctest */;
			productType = "com.apple.product-type.bundle.ui-testing";
		};
/* End PBXNativeTarget section */

/* Begin PBXProject section */
		181CFA8E2F87ABF800375C87 /* Project object */ = {
			isa = PBXProject;
			attributes = {
				BuildIndependentTargetsInParallel = 1;
				LastSwiftUpdateCheck = 1630;
				LastUpgradeCheck = 1630;
				TargetAttributes = {
					181CFA952F87ABF800375C87 = {
						CreatedOnToolsVersion = 16.3;
					};
					181CFAA22F87ABFD00375C87 = {
						CreatedOnToolsVersion = 16.3;
						TestTargetID = 181CFA952F87ABF800375C87;
					};
					181CFAAC2F87ABFD00375C87 = {
						CreatedOnToolsVersion = 16.3;
						TestTargetID = 181CFA952F87ABF800375C87;
					};
				};
			};
			buildConfigurationList = 181CFA912F87ABF800375C87 /* Build configuration list for PBXProject "LocalizationDemo" */;
			developmentRegion = en;
			hasScannedForEncodings = 0;
			knownRegions = (
				en,
				Base,
				fr,
				hi,
				kn,
				ta,
				te,
			);
			mainGroup = 181CFA8D2F87ABF800375C87;
			minimizedProjectReferenceProxies = 1;
			preferredProjectObjectVersion = 77;
			productRefGroup = 181CFA972F87ABF800375C87 /* Products */;
			projectDirPath = "";
			projectRoot = "";
			targets = (
				181CFA952F87ABF800375C87 /* LocalizationDemo */,
				181CFAA22F87ABFD00375C87 /* LocalizationDemoTests */,
				181CFAAC2F87ABFD00375C87 /* LocalizationDemoUITests */,
			);
		};
/* End PBXProject section */

/* Begin PBXResourcesBuildPhase section */
		181CFA942F87ABF800375C87 /* Resources */ = {
			isa = PBXResourcesBuildPhase;
			buildActionMask = 2147483647;
			files = (
				181CFAF42F87D8AD00375C87 /* Localizable.strings in Resources */,
			);
			runOnlyForDeploymentPostprocessing = 0;
		};
		181CFAA12F87ABFD00375C87 /* Resources */ = {
			isa = PBXResourcesBuildPhase;
			buildActionMask = 2147483647;
			files = (
			);
			runOnlyForDeploymentPostprocessing = 0;
		};
		181CFAAB2F87ABFD00375C87 /* Resources */ = {
			isa = PBXResourcesBuildPhase;
			buildActionMask = 2147483647;
			files = (
			);
			runOnlyForDeploymentPostprocessing = 0;
		};
/* End PBXResourcesBuildPhase section */

/* Begin PBXSourcesBuildPhase section */
		181CFA922F87ABF800375C87 /* Sources */ = {
			isa = PBXSourcesBuildPhase;
			buildActionMask = 2147483647;
			files = (
			);
			runOnlyForDeploymentPostprocessing = 0;
		};
		181CFA9F2F87ABFD00375C87 /* Sources */ = {
			isa = PBXSourcesBuildPhase;
			buildActionMask = 2147483647;
			files = (
			);
			runOnlyForDeploymentPostprocessing = 0;
		};
		181CFAA92F87ABFD00375C87 /* Sources */ = {
			isa = PBXSourcesBuildPhase;
			buildActionMask = 2147483647;
			files = (
			);
			runOnlyForDeploymentPostprocessing = 0;
		};
/* End PBXSourcesBuildPhase section */

/* Begin PBXTargetDependency section */
		181CFAA52F87ABFD00375C87 /* PBXTargetDependency */ = {
			isa = PBXTargetDependency;
			target = 181CFA952F87ABF800375C87 /* LocalizationDemo */;
			targetProxy = 181CFAA42F87ABFD00375C87 /* PBXContainerItemProxy */;
		};
		181CFAAF2F87ABFD00375C87 /* PBXTargetDependency */ = {
			isa = PBXTargetDependency;
			target = 181CFA952F87ABF800375C87 /* LocalizationDemo */;
			targetProxy = 181CFAAE2F87ABFD00375C87 /* PBXContainerItemProxy */;
		};
/* End PBXTargetDependency section */

/* Begin PBXVariantGroup section */
		181CFAF22F87D8AD00375C87 /* Localizable.strings */ = {
			isa = PBXVariantGroup;
			children = (
				181CFAF32F87D8AD00375C87 /* en */,
				181CFAF52F87D8FB00375C87 /* fr */,
				181CFAF62F87D90100375C87 /* hi */,
				181CFAF72F87D90200375C87 /* kn */,
				181CFAF82F87D90300375C87 /* ta */,
				181CFAF92F87D90400375C87 /* te */,
			);
			name = Localizable.strings;
			sourceTree = "<group>";
		};
/* End PBXVariantGroup section */

/* Begin XCBuildConfiguration section */
		181CFAB52F87ABFD00375C87 /* Debug */ = {
			isa = XCBuildConfiguration;
			buildSettings = {
				ALWAYS_SEARCH_USER_PATHS = NO;
				ASSETCATALOG_COMPILER_GENERATE_SWIFT_ASSET_SYMBOL_EXTENSIONS = YES;
				CLANG_ANALYZER_NONNULL = YES;
				CLANG_ANALYZER_NUMBER_OBJECT_CONVERSION = YES_AGGRESSIVE;
				CLANG_CXX_LANGUAGE_STANDARD = "gnu++20";
				CLANG_ENABLE_MODULES = YES;
				CLANG_ENABLE_OBJC_ARC = YES;
				CLANG_ENABLE_OBJC_WEAK = YES;
				CLANG_WARN_BLOCK_CAPTURE_AUTORELEASING = YES;
				CLANG_WARN_BOOL_CONVERSION = YES;
				CLANG_WARN_COMMA = YES;
				CLANG_WARN_CONSTANT_CONVERSION = YES;
				CLANG_WARN_DEPRECATED_OBJC_IMPLEMENTATIONS = YES;
				CLANG_WARN_DIRECT_OBJC_ISA_USAGE = YES_ERROR;
				CLANG_WARN_DOCUMENTATION_COMMENTS = YES;
				CLANG_WARN_EMPTY_BODY = YES;
				CLANG_WARN_ENUM_CONVERSION = YES;
				CLANG_WARN_INFINITE_RECURSION = YES;
				CLANG_WARN_INT_CONVERSION = YES;
				CLANG_WARN_NON_LITERAL_NULL_CONVERSION = YES;
				CLANG_WARN_OBJC_IMPLICIT_RETAIN_SELF = YES;
				CLANG_WARN_OBJC_LITERAL_CONVERSION = YES;
				CLANG_WARN_OBJC_ROOT_CLASS = YES_ERROR;
				CLANG_WARN_QUOTED_INCLUDE_IN_FRAMEWORK_HEADER = YES;
				CLANG_WARN_RANGE_LOOP_ANALYSIS = YES;
				CLANG_WARN_STRICT_PROTOTYPES = YES;
				CLANG_WARN_SUSPICIOUS_MOVE = YES;
				CLANG_WARN_UNGUARDED_AVAILABILITY = YES_AGGRESSIVE;
				CLANG_WARN_UNREACHABLE_CODE = YES;
				CLANG_WARN__DUPLICATE_METHOD_MATCH = YES;
				COPY_PHASE_STRIP = NO;
				DEBUG_INFORMATION_FORMAT = dwarf;
				ENABLE_STRICT_OBJC_MSGSEND = YES;
				ENABLE_TESTABILITY = YES;
				ENABLE_USER_SCRIPT_SANDBOXING = YES;
				GCC_C_LANGUAGE_STANDARD = gnu17;
				GCC_DYNAMIC_NO_PIC = NO;
				GCC_NO_COMMON_BLOCKS = YES;
				GCC_OPTIMIZATION_LEVEL = 0;
				GCC_PREPROCESSOR_DEFINITIONS = (
					"DEBUG=1",
					"$(inherited)",
				);
				GCC_WARN_64_TO_32_BIT_CONVERSION = YES;
				GCC_WARN_ABOUT_RETURN_TYPE = YES_ERROR;
				GCC_WARN_UNDECLARED_SELECTOR = YES;
				GCC_WARN_UNINITIALIZED_AUTOS = YES_AGGRESSIVE;
				GCC_WARN_UNUSED_FUNCTION = YES;
				GCC_WARN_UNUSED_VARIABLE = YES;
				IPHONEOS_DEPLOYMENT_TARGET = 18.4;
				LOCALIZATION_PREFERS_STRING_CATALOGS = YES;
				MTL_ENABLE_DEBUG_INFO = INCLUDE_SOURCE;
				MTL_FAST_MATH = YES;
				ONLY_ACTIVE_ARCH = YES;
				SDKROOT = iphoneos;
				SWIFT_ACTIVE_COMPILATION_CONDITIONS = "DEBUG $(inherited)";
				SWIFT_OPTIMIZATION_LEVEL = "-Onone";
			};
			name = Debug;
		};
		181CFAB62F87ABFD00375C87 /* Release */ = {
			isa = XCBuildConfiguration;
			buildSettings = {
				ALWAYS_SEARCH_USER_PATHS = NO;
				ASSETCATALOG_COMPILER_GENERATE_SWIFT_ASSET_SYMBOL_EXTENSIONS = YES;
				CLANG_ANALYZER_NONNULL = YES;
				CLANG_ANALYZER_NUMBER_OBJECT_CONVERSION = YES_AGGRESSIVE;
				CLANG_CXX_LANGUAGE_STANDARD = "gnu++20";
				CLANG_ENABLE_MODULES = YES;
				CLANG_ENABLE_OBJC_ARC = YES;
				CLANG_ENABLE_OBJC_WEAK = YES;
				CLANG_WARN_BLOCK_CAPTURE_AUTORELEASING = YES;
				CLANG_WARN_BOOL_CONVERSION = YES;
				CLANG_WARN_COMMA = YES;
				CLANG_WARN_CONSTANT_CONVERSION = YES;
				CLANG_WARN_DEPRECATED_OBJC_IMPLEMENTATIONS = YES;
				CLANG_WARN_DIRECT_OBJC_ISA_USAGE = YES_ERROR;
				CLANG_WARN_DOCUMENTATION_COMMENTS = YES;
				CLANG_WARN_EMPTY_BODY = YES;
				CLANG_WARN_ENUM_CONVERSION = YES;
				CLANG_WARN_INFINITE_RECURSION = YES;
				CLANG_WARN_INT_CONVERSION = YES;
				CLANG_WARN_NON_LITERAL_NULL_CONVERSION = YES;
				CLANG_WARN_OBJC_IMPLICIT_RETAIN_SELF = YES;
				CLANG_WARN_OBJC_LITERAL_CONVERSION = YES;
				CLANG_WARN_OBJC_ROOT_CLASS = YES_ERROR;
				CLANG_WARN_QUOTED_INCLUDE_IN_FRAMEWORK_HEADER = YES;
				CLANG_WARN_RANGE_LOOP_ANALYSIS = YES;
				CLANG_WARN_STRICT_PROTOTYPES = YES;
				CLANG_WARN_SUSPICIOUS_MOVE = YES;
				CLANG_WARN_UNGUARDED_AVAILABILITY = YES_AGGRESSIVE;
				CLANG_WARN_UNREACHABLE_CODE = YES;
				CLANG_WARN__DUPLICATE_METHOD_MATCH = YES;
				COPY_PHASE_STRIP = NO;
				DEBUG_INFORMATION_FORMAT = "dwarf-with-dsym";
				ENABLE_NS_ASSERTIONS = NO;
				ENABLE_STRICT_OBJC_MSGSEND = YES;
				ENABLE_USER_SCRIPT_SANDBOXING = YES;
				GCC_C_LANGUAGE_STANDARD = gnu17;
				GCC_NO_COMMON_BLOCKS = YES;
				GCC_WARN_64_TO_32_BIT_CONVERSION = YES;
				GCC_WARN_ABOUT_RETURN_TYPE = YES_ERROR;
				GCC_WARN_UNDECLARED_SELECTOR = YES;
				GCC_WARN_UNINITIALIZED_AUTOS = YES_AGGRESSIVE;
				GCC_WARN_UNUSED_FUNCTION = YES;
				GCC_WARN_UNUSED_VARIABLE = YES;
				IPHONEOS_DEPLOYMENT_TARGET = 18.4;
				LOCALIZATION_PREFERS_STRING_CATALOGS = YES;
				MTL_ENABLE_DEBUG_INFO = NO;
				MTL_FAST_MATH = YES;
				SDKROOT = iphoneos;
				SWIFT_COMPILATION_MODE = wholemodule;
				VALIDATE_PRODUCT = YES;
			};
			name = Release;
		};
		181CFAB82F87ABFD00375C87 /* Debug */ = {
			isa = XCBuildConfiguration;
			buildSettings = {
				ASSETCATALOG_COMPILER_APPICON_NAME = AppIcon;
				ASSETCATALOG_COMPILER_GLOBAL_ACCENT_COLOR_NAME = AccentColor;
				CODE_SIGN_STYLE = Automatic;
				CURRENT_PROJECT_VERSION = 1;
				ENABLE_PREVIEWS = YES;
				GENERATE_INFOPLIST_FILE = YES;
				INFOPLIST_KEY_UIApplicationSceneManifest_Generation = YES;
				INFOPLIST_KEY_UIApplicationSupportsIndirectInputEvents = YES;
				INFOPLIST_KEY_UILaunchScreen_Generation = YES;
				INFOPLIST_KEY_UISupportedInterfaceOrientations_iPad = "UIInterfaceOrientationPortrait UIInterfaceOrientationPortraitUpsideDown UIInterfaceOrientationLandscapeLeft UIInterfaceOrientationLandscapeRight";
				INFOPLIST_KEY_UISupportedInterfaceOrientations_iPhone = "UIInterfaceOrientationPortrait UIInterfaceOrientationLandscapeLeft UIInterfaceOrientationLandscapeRight";
				LD_RUNPATH_SEARCH_PATHS = (
					"$(inherited)",
					"@executable_path/Frameworks",
				);
				MARKETING_VERSION = 1.0;
				PRODUCT_BUNDLE_IDENTIFIER = com.kubota.LocalizationDemo;
				PRODUCT_NAME = "$(TARGET_NAME)";
				SWIFT_EMIT_LOC_STRINGS = YES;
				SWIFT_VERSION = 5.0;
				TARGETED_DEVICE_FAMILY = "1,2";
			};
			name = Debug;
		};
		181CFAB92F87ABFD00375C87 /* Release */ = {
			isa = XCBuildConfiguration;
			buildSettings = {
				ASSETCATALOG_COMPILER_APPICON_NAME = AppIcon;
				ASSETCATALOG_COMPILER_GLOBAL_ACCENT_COLOR_NAME = AccentColor;
				CODE_SIGN_STYLE = Automatic;
				CURRENT_PROJECT_VERSION = 1;
				ENABLE_PREVIEWS = YES;
				GENERATE_INFOPLIST_FILE = YES;
				INFOPLIST_KEY_UIApplicationSceneManifest_Generation = YES;
				INFOPLIST_KEY_UIApplicationSupportsIndirectInputEvents = YES;
				INFOPLIST_KEY_UILaunchScreen_Generation = YES;
				INFOPLIST_KEY_UISupportedInterfaceOrientations_iPad = "UIInterfaceOrientationPortrait UIInterfaceOrientationPortraitUpsideDown UIInterfaceOrientationLandscapeLeft UIInterfaceOrientationLandscapeRight";
				INFOPLIST_KEY_UISupportedInterfaceOrientations_iPhone = "UIInterfaceOrientationPortrait UIInterfaceOrientationLandscapeLeft UIInterfaceOrientationLandscapeRight";
				LD_RUNPATH_SEARCH_PATHS = (
					"$(inherited)",
					"@executable_path/Frameworks",
				);
				MARKETING_VERSION = 1.0;
				PRODUCT_BUNDLE_IDENTIFIER = com.kubota.LocalizationDemo;
				PRODUCT_NAME = "$(TARGET_NAME)";
				SWIFT_EMIT_LOC_STRINGS = YES;
				SWIFT_VERSION = 5.0;
				TARGETED_DEVICE_FAMILY = "1,2";
			};
			name = Release;
		};
		181CFABB2F87ABFD00375C87 /* Debug */ = {
			isa = XCBuildConfiguration;
			buildSettings = {
				BUNDLE_LOADER = "$(TEST_HOST)";
				CODE_SIGN_STYLE = Automatic;
				CURRENT_PROJECT_VERSION = 1;
				GENERATE_INFOPLIST_FILE = YES;
				IPHONEOS_DEPLOYMENT_TARGET = 18.4;
				MARKETING_VERSION = 1.0;
				PRODUCT_BUNDLE_IDENTIFIER = com.kubota.LocalizationDemoTests;
				PRODUCT_NAME = "$(TARGET_NAME)";
				SWIFT_EMIT_LOC_STRINGS = NO;
				SWIFT_VERSION = 5.0;
				TARGETED_DEVICE_FAMILY = "1,2";
				TEST_HOST = "$(BUILT_PRODUCTS_DIR)/LocalizationDemo.app/$(BUNDLE_EXECUTABLE_FOLDER_PATH)/LocalizationDemo";
			};
			name = Debug;
		};
		181CFABC2F87ABFD00375C87 /* Release */ = {
			isa = XCBuildConfiguration;
			buildSettings = {
				BUNDLE_LOADER = "$(TEST_HOST)";
				CODE_SIGN_STYLE = Automatic;
				CURRENT_PROJECT_VERSION = 1;
				GENERATE_INFOPLIST_FILE = YES;
				IPHONEOS_DEPLOYMENT_TARGET = 18.4;
				MARKETING_VERSION = 1.0;
				PRODUCT_BUNDLE_IDENTIFIER = com.kubota.LocalizationDemoTests;
				PRODUCT_NAME = "$(TARGET_NAME)";
				SWIFT_EMIT_LOC_STRINGS = NO;
				SWIFT_VERSION = 5.0;
				TARGETED_DEVICE_FAMILY = "1,2";
				TEST_HOST = "$(BUILT_PRODUCTS_DIR)/LocalizationDemo.app/$(BUNDLE_EXECUTABLE_FOLDER_PATH)/LocalizationDemo";
			};
			name = Release;
		};
		181CFABE2F87ABFD00375C87 /* Debug */ = {
			isa = XCBuildConfiguration;
			buildSettings = {
				CODE_SIGN_STYLE = Automatic;
				CURRENT_PROJECT_VERSION = 1;
				GENERATE_INFOPLIST_FILE = YES;
				MARKETING_VERSION = 1.0;
				PRODUCT_BUNDLE_IDENTIFIER = com.kubota.LocalizationDemoUITests;
				PRODUCT_NAME = "$(TARGET_NAME)";
				SWIFT_EMIT_LOC_STRINGS = NO;
				SWIFT_VERSION = 5.0;
				TARGETED_DEVICE_FAMILY = "1,2";
				TEST_TARGET_NAME = LocalizationDemo;
			};
			name = Debug;
		};
		181CFABF2F87ABFD00375C87 /* Release */ = {
			isa = XCBuildConfiguration;
			buildSettings = {
				CODE_SIGN_STYLE = Automatic;
				CURRENT_PROJECT_VERSION = 1;
				GENERATE_INFOPLIST_FILE = YES;
				MARKETING_VERSION = 1.0;
				PRODUCT_BUNDLE_IDENTIFIER = com.kubota.LocalizationDemoUITests;
				PRODUCT_NAME = "$(TARGET_NAME)";
				SWIFT_EMIT_LOC_STRINGS = NO;
				SWIFT_VERSION = 5.0;
				TARGETED_DEVICE_FAMILY = "1,2";
				TEST_TARGET_NAME = LocalizationDemo;
			};
			name = Release;
		};
/* End XCBuildConfiguration section */

/* Begin XCConfigurationList section */
		181CFA912F87ABF800375C87 /* Build configuration list for PBXProject "LocalizationDemo" */ = {
			isa = XCConfigurationList;
			buildConfigurations = (
				181CFAB52F87ABFD00375C87 /* Debug */,
				181CFAB62F87ABFD00375C87 /* Release */,
			);
			defaultConfigurationIsVisible = 0;
			defaultConfigurationName = Release;
		};
		181CFAB72F87ABFD00375C87 /* Build configuration list for PBXNativeTarget "LocalizationDemo" */ = {
			isa = XCConfigurationList;
			buildConfigurations = (
				181CFAB82F87ABFD00375C87 /* Debug */,
				181CFAB92F87ABFD00375C87 /* Release */,
			);
			defaultConfigurationIsVisible = 0;
			defaultConfigurationName = Release;
		};
		181CFABA2F87ABFD00375C87 /* Build configuration list for PBXNativeTarget "LocalizationDemoTests" */ = {
			isa = XCConfigurationList;
			buildConfigurations = (
				181CFABB2F87ABFD00375C87 /* Debug */,
				181CFABC2F87ABFD00375C87 /* Release */,
			);
			defaultConfigurationIsVisible = 0;
			defaultConfigurationName = Release;
		};
		181CFABD2F87ABFD00375C87 /* Build configuration list for PBXNativeTarget "LocalizationDemoUITests" */ = {
			isa = XCConfigurationList;
			buildConfigurations = (
				181CFABE2F87ABFD00375C87 /* Debug */,
				181CFABF2F87ABFD00375C87 /* Release */,
			);
			defaultConfigurationIsVisible = 0;
			defaultConfigurationName = Release;
		};
/* End XCConfigurationList section */
	};
	rootObject = 181CFA8E2F87ABF800375C87 /* Project object */;
}
